
Microsoft Visual Studio Solution File, Format Version 12.00
# Visual Studio Version 16
VisualStudioVersion = 16.0.30517.126
MinimumVisualStudioVersion = 10.0.40219.1
Project("{FAE04EC0-301F-11D3-BF4B-00C04F79EFBC}") = "CreditCards", "CreditCards\CreditCards.csproj", "{BA4E7E84-BEE3-458A-ACFE-C84BE9AC69F9}"
EndProject
Global
	GlobalSection(SolutionConfigurationPlatforms) = preSolution
		Debug|Any CPU = Debug|Any CPU
		Release|Any CPU = Release|Any CPU
	EndGlobalSection
	GlobalSection(ProjectConfigurationPlatforms) = postSolution
		{BA4E7E84-BEE3-458A-ACFE-C84BE9AC69F9}.Debug|Any CPU.ActiveCfg = Debug|Any CPU
		{BA4E7E84-BEE3-458A-ACFE-C84BE9AC69F9}.Debug|Any CPU.Build.0 = Debug|Any CPU
		{BA4E7E84-BEE3-458A-ACFE-C84BE9AC69F9}.Release|Any CPU.ActiveCfg = Release|Any CPU
		{BA4E7E84-BEE3-458A-ACFE-C84BE9AC69F9}.Release|Any CPU.Build.0 = Release|Any CPU
	EndGlobalSection
	GlobalSection(SolutionProperties) = preSolution
		HideSolutionNode = FALSE
	EndGlobalSection
	GlobalSection(ExtensibilityGlobals) = postSolution
		SolutionGuid = {95643EB6-A7F2-425F-BF90-9CC1FC954047}
	EndGlobalSection
EndGlobal
